
Microsoft Visual Studio Solution File, Format Version 12.00
# Visual Studio Version 16
VisualStudioVersion = 16.0.29806.167
MinimumVisualStudioVersion = 10.0.40219.1
Project("{F184B08F-C81C-45F6-A57F-5ABD9991F28F}") = "XRCarniceriaMin", "XRCarniceriaMin\XRCarniceriaMin.vbproj", "{1D10F54A-1C91-4CD2-9D96-68682D4A4C99}"
EndProject
Global
	GlobalSection(SolutionConfigurationPlatforms) = preSolution
		Debug|Any CPU = Debug|Any CPU
		Release|Any CPU = Release|Any CPU
	EndGlobalSection
	GlobalSection(ProjectConfigurationPlatforms) = postSolution
		{1D10F54A-1C91-4CD2-9D96-68682D4A4C99}.Debug|Any CPU.ActiveCfg = Debug|Any CPU
		{1D10F54A-1C91-4CD2-9D96-68682D4A4C99}.Debug|Any CPU.Build.0 = Debug|Any CPU
		{1D10F54A-1C91-4CD2-9D96-68682D4A4C99}.Release|Any CPU.ActiveCfg = Release|Any CPU
		{1D10F54A-1C91-4CD2-9D96-68682D4A4C99}.Release|Any CPU.Build.0 = Release|Any CPU
	EndGlobalSection
	GlobalSection(SolutionProperties) = preSolution
		HideSolutionNode = FALSE
	EndGlobalSection
	GlobalSection(ExtensibilityGlobals) = postSolution
		SolutionGuid = {F8A53010-919B-45F2-B200-F096F2F176C4}
	EndGlobalSection
EndGlobal
